
Microsoft Visual Studio Solution File, Format Version 12.00
# Visual Studio Version 17
VisualStudioVersion = 17.6.33829.357
MinimumVisualStudioVersion = 10.0.40219.1
Project("{9A19103F-16F7-4668-BE54-9A1E7A4F7556}") = "ManufacturerVehicles.Communication", "ManufacturerVehicles.Communication\ManufacturerVehicles.Communication.csproj", "{5084E56E-6BB9-4247-B464-8669A940CE64}"
EndProject
Project("{9A19103F-16F7-4668-BE54-9A1E7A4F7556}") = "ManufacturerVehicles.Communication.Models", "ManufacturerVehicles.Communication.Models\ManufacturerVehicles.Communication.Models.csproj", "{A9A45DB1-E098-48EE-8D8A-955433DE1530}"
EndProject
Project("{2150E333-8FDC-42A3-9474-1A3956D46DE8}") = "Communication", "Communication", "{F62D7D9B-6569-4EB4-A7F6-B668A8657CF0}"
EndProject
Project("{9A19103F-16F7-4668-BE54-9A1E7A4F7556}") = "ManufacturerVehicles.Communication.Business", "ManufacturerVehicles.Communication.Business\ManufacturerVehicles.Communication.Business.csproj", "{8ABE70AA-0615-4884-B005-E06ADA60D245}"
EndProject
Project("{9A19103F-16F7-4668-BE54-9A1E7A4F7556}") = "ManufacturerVehicles.Communication.Services", "ManufacturerVehicles.Communication.Services\ManufacturerVehicles.Communication.Services.csproj", "{D41E8697-69C6-40A5-914A-AEAC06679BCF}"
EndProject
Project("{9A19103F-16F7-4668-BE54-9A1E7A4F7556}") = "ManufacturerVehicles.Communication.ServiceClients.Messages", "ManufacturerVehicles.Communication.ServiceClients.Messages\ManufacturerVehicles.Communication.ServiceClients.Messages.csproj", "{FB5ED728-3354-4D1F-8A00-CF48E5723484}"
EndProject
Project("{9A19103F-16F7-4668-BE54-9A1E7A4F7556}") = "ManufacturerVehicles.Communication.ServiceClients", "ManufacturerVehicles.Communication.ServiceClients\ManufacturerVehicles.Communication.ServiceClients.csproj", "{6166D1A3-5587-4DEF-9F6B-D66AF7E00D49}"
EndProject
Project("{9A19103F-16F7-4668-BE54-9A1E7A4F7556}") = "ManufacturerVehicles.Communication.Business.Messages", "ManufacturerVehicles.Communication.Business.Messages\ManufacturerVehicles.Communication.Business.Messages.csproj", "{F4779504-C69E-4F19-8EA4-F407F2076492}"
EndProject
Global
	GlobalSection(SolutionConfigurationPlatforms) = preSolution
		Debug|Any CPU = Debug|Any CPU
		Release|Any CPU = Release|Any CPU
	EndGlobalSection
	GlobalSection(ProjectConfigurationPlatforms) = postSolution
		{5084E56E-6BB9-4247-B464-8669A940CE64}.Debug|Any CPU.ActiveCfg = Debug|Any CPU
		{5084E56E-6BB9-4247-B464-8669A940CE64}.Debug|Any CPU.Build.0 = Debug|Any CPU
		{5084E56E-6BB9-4247-B464-8669A940CE64}.Release|Any CPU.ActiveCfg = Release|Any CPU
		{5084E56E-6BB9-4247-B464-8669A940CE64}.Release|Any CPU.Build.0 = Release|Any CPU
		{A9A45DB1-E098-48EE-8D8A-955433DE1530}.Debug|Any CPU.ActiveCfg = Debug|Any CPU
		{A9A45DB1-E098-48EE-8D8A-955433DE1530}.Debug|Any CPU.Build.0 = Debug|Any CPU
		{A9A45DB1-E098-48EE-8D8A-955433DE1530}.Release|Any CPU.ActiveCfg = Release|Any CPU
		{A9A45DB1-E098-48EE-8D8A-955433DE1530}.Release|Any CPU.Build.0 = Release|Any CPU
		{8ABE70AA-0615-4884-B005-E06ADA60D245}.Debug|Any CPU.ActiveCfg = Debug|Any CPU
		{8ABE70AA-0615-4884-B005-E06ADA60D245}.Debug|Any CPU.Build.0 = Debug|Any CPU
		{8ABE70AA-0615-4884-B005-E06ADA60D245}.Release|Any CPU.ActiveCfg = Release|Any CPU
		{8ABE70AA-0615-4884-B005-E06ADA60D245}.Release|Any CPU.Build.0 = Release|Any CPU
		{D41E8697-69C6-40A5-914A-AEAC06679BCF}.Debug|Any CPU.ActiveCfg = Debug|Any CPU
		{D41E8697-69C6-40A5-914A-AEAC06679BCF}.Debug|Any CPU.Build.0 = Debug|Any CPU
		{D41E8697-69C6-40A5-914A-AEAC06679BCF}.Release|Any CPU.ActiveCfg = Release|Any CPU
		{D41E8697-69C6-40A5-914A-AEAC06679BCF}.Release|Any CPU.Build.0 = Release|Any CPU
		{FB5ED728-3354-4D1F-8A00-CF48E5723484}.Debug|Any CPU.ActiveCfg = Debug|Any CPU
		{FB5ED728-3354-4D1F-8A00-CF48E5723484}.Debug|Any CPU.Build.0 = Debug|Any CPU
		{FB5ED728-3354-4D1F-8A00-CF48E5723484}.Release|Any CPU.ActiveCfg = Release|Any CPU
		{FB5ED728-3354-4D1F-8A00-CF48E5723484}.Release|Any CPU.Build.0 = Release|Any CPU
		{6166D1A3-5587-4DEF-9F6B-D66AF7E00D49}.Debug|Any CPU.ActiveCfg = Debug|Any CPU
		{6166D1A3-5587-4DEF-9F6B-D66AF7E00D49}.Debug|Any CPU.Build.0 = Debug|Any CPU
		{6166D1A3-5587-4DEF-9F6B-D66AF7E00D49}.Release|Any CPU.ActiveCfg = Release|Any CPU
		{6166D1A3-5587-4DEF-9F6B-D66AF7E00D49}.Release|Any CPU.Build.0 = Release|Any CPU
		{F4779504-C69E-4F19-8EA4-F407F2076492}.Debug|Any CPU.ActiveCfg = Debug|Any CPU
		{F4779504-C69E-4F19-8EA4-F407F2076492}.Debug|Any CPU.Build.0 = Debug|Any CPU
		{F4779504-C69E-4F19-8EA4-F407F2076492}.Release|Any CPU.ActiveCfg = Release|Any CPU
		{F4779504-C69E-4F19-8EA4-F407F2076492}.Release|Any CPU.Build.0 = Release|Any CPU
	EndGlobalSection
	GlobalSection(SolutionProperties) = preSolution
		HideSolutionNode = FALSE
	EndGlobalSection
	GlobalSection(NestedProjects) = preSolution
		{5084E56E-6BB9-4247-B464-8669A940CE64} = {F62D7D9B-6569-4EB4-A7F6-B668A8657CF0}
		{A9A45DB1-E098-48EE-8D8A-955433DE1530} = {F62D7D9B-6569-4EB4-A7F6-B668A8657CF0}
		{8ABE70AA-0615-4884-B005-E06ADA60D245} = {F62D7D9B-6569-4EB4-A7F6-B668A8657CF0}
		{D41E8697-69C6-40A5-914A-AEAC06679BCF} = {F62D7D9B-6569-4EB4-A7F6-B668A8657CF0}
		{FB5ED728-3354-4D1F-8A00-CF48E5723484} = {F62D7D9B-6569-4EB4-A7F6-B668A8657CF0}
		{6166D1A3-5587-4DEF-9F6B-D66AF7E00D49} = {F62D7D9B-6569-4EB4-A7F6-B668A8657CF0}
		{F4779504-C69E-4F19-8EA4-F407F2076492} = {F62D7D9B-6569-4EB4-A7F6-B668A8657CF0}
	EndGlobalSection
	GlobalSection(ExtensibilityGlobals) = postSolution
		SolutionGuid = {2D2FB353-695C-4720-8420-CD3460461BE3}
	EndGlobalSection
EndGlobal
