
Microsoft Visual Studio Solution File, Format Version 12.00
# Visual Studio Version 17
VisualStudioVersion = 17.6.33829.357
MinimumVisualStudioVersion = 10.0.40219.1
Project("{FAE04EC0-301F-11D3-BF4B-00C04F79EFBC}") = "ManufacturerVehicles", "ManufacturerVehicles\ManufacturerVehicles.csproj", "{5084E56E-6BB9-4247-B464-8669A940CE64}"
EndProject
Project("{FAE04EC0-301F-11D3-BF4B-00C04F79EFBC}") = "ManufacturerVehicles.Models", "ManufacturerVehicles.Models\ManufacturerVehicles.Models.csproj", "{A9A45DB1-E098-48EE-8D8A-955433DE1530}"
EndProject
Project("{FAE04EC0-301F-11D3-BF4B-00C04F79EFBC}") = "ManufacturerVehicles.DataAccess", "ManufacturerVehicles.DataAccess\ManufacturerVehicles.DataAccess.csproj", "{1169EA68-B996-47D9-8FDD-EAB0089E7C1A}"
EndProject
Global
	GlobalSection(SolutionConfigurationPlatforms) = preSolution
		Debug|Any CPU = Debug|Any CPU
		Release|Any CPU = Release|Any CPU
	EndGlobalSection
	GlobalSection(ProjectConfigurationPlatforms) = postSolution
		{5084E56E-6BB9-4247-B464-8669A940CE64}.Debug|Any CPU.ActiveCfg = Debug|Any CPU
		{5084E56E-6BB9-4247-B464-8669A940CE64}.Debug|Any CPU.Build.0 = Debug|Any CPU
		{5084E56E-6BB9-4247-B464-8669A940CE64}.Release|Any CPU.ActiveCfg = Release|Any CPU
		{5084E56E-6BB9-4247-B464-8669A940CE64}.Release|Any CPU.Build.0 = Release|Any CPU
		{A9A45DB1-E098-48EE-8D8A-955433DE1530}.Debug|Any CPU.ActiveCfg = Debug|Any CPU
		{A9A45DB1-E098-48EE-8D8A-955433DE1530}.Debug|Any CPU.Build.0 = Debug|Any CPU
		{A9A45DB1-E098-48EE-8D8A-955433DE1530}.Release|Any CPU.ActiveCfg = Release|Any CPU
		{A9A45DB1-E098-48EE-8D8A-955433DE1530}.Release|Any CPU.Build.0 = Release|Any CPU
		{1169EA68-B996-47D9-8FDD-EAB0089E7C1A}.Debug|Any CPU.ActiveCfg = Debug|Any CPU
		{1169EA68-B996-47D9-8FDD-EAB0089E7C1A}.Debug|Any CPU.Build.0 = Debug|Any CPU
		{1169EA68-B996-47D9-8FDD-EAB0089E7C1A}.Release|Any CPU.ActiveCfg = Release|Any CPU
		{1169EA68-B996-47D9-8FDD-EAB0089E7C1A}.Release|Any CPU.Build.0 = Release|Any CPU
	EndGlobalSection
	GlobalSection(SolutionProperties) = preSolution
		HideSolutionNode = FALSE
	EndGlobalSection
	GlobalSection(ExtensibilityGlobals) = postSolution
		SolutionGuid = {2D2FB353-695C-4720-8420-CD3460461BE3}
	EndGlobalSection
EndGlobal
